// !$*UTF8*$!
{
	archiveVersion = 1;
	classes = {
	};
	objectVersion = 56;
	objects = {

/* Begin PBXBuildFile section */
		229DE74E2BC6D78000AF23C7 /* ProfileView.swift in Sources */ = {isa = PBXBuildFile; fileRef = 229DE74D2BC6D78000AF23C7 /* ProfileView.swift */; };
		229DE7502BC6D7A200AF23C7 /* LocationVieww.swift in Sources */ = {isa = PBXBuildFile; fileRef = 229DE74F2BC6D7A200AF23C7 /* LocationVieww.swift */; };
		229FBEE42BC2F3860005D7C2 /* BookingMovieApp.swift in Sources */ = {isa = PBXBuildFile; fileRef = 229FBEE32BC2F3860005D7C2 /* BookingMovieApp.swift */; };
		229FBEE62BC2F3860005D7C2 /* ContentView.swift in Sources */ = {isa = PBXBuildFile; fileRef = 229FBEE52BC2F3860005D7C2 /* ContentView.swift */; };
		229FBEE82BC2F3880005D7C2 /* Assets.xcassets in Resources */ = {isa = PBXBuildFile; fileRef = 229FBEE72BC2F3880005D7C2 /* Assets.xcassets */; };
		229FBEF62BC2F5410005D7C2 /* TicketView.swift in Sources */ = {isa = PBXBuildFile; fileRef = 229FBEF52BC2F5410005D7C2 /* TicketView.swift */; };
		229FBEFA2BC30C180005D7C2 /* CircleBackground.swift in Sources */ = {isa = PBXBuildFile; fileRef = 229FBEF92BC30C180005D7C2 /* CircleBackground.swift */; };
		229FBEFC2BC3A0010005D7C2 /* TicketData.swift in Sources */ = {isa = PBXBuildFile; fileRef = 229FBEFB2BC3A0010005D7C2 /* TicketData.swift */; };
		229FBEFE2BC3A0580005D7C2 /* PosterData.swift in Sources */ = {isa = PBXBuildFile; fileRef = 229FBEFD2BC3A0580005D7C2 /* PosterData.swift */; };
		229FBF002BC3A0810005D7C2 /* TabData.swift in Sources */ = {isa = PBXBuildFile; fileRef = 229FBEFF2BC3A0810005D7C2 /* TabData.swift */; };
		229FBF032BC3A0E30005D7C2 /* Ticket.swift in Sources */ = {isa = PBXBuildFile; fileRef = 229FBF022BC3A0E30005D7C2 /* Ticket.swift */; };
		229FBF052BC3C30F0005D7C2 /* Tickets.swift in Sources */ = {isa = PBXBuildFile; fileRef = 229FBF042BC3C30F0005D7C2 /* Tickets.swift */; };
		22D93EA72BC59BA800C46298 /* CustomTabBar.swift in Sources */ = {isa = PBXBuildFile; fileRef = 22D93EA62BC59BA800C46298 /* CustomTabBar.swift */; };
		22D93EA92BC5A82D00C46298 /* HomeView.swift in Sources */ = {isa = PBXBuildFile; fileRef = 22D93EA82BC5A82D00C46298 /* HomeView.swift */; };
/* End PBXBuildFile section */

/* Begin PBXFileReference section */
		229DE74D2BC6D78000AF23C7 /* ProfileView.swift */ = {isa = PBXFileReference; lastKnownFileType = sourcecode.swift; path = ProfileView.swift; sourceTree = "<group>"; };
		229DE74F2BC6D7A200AF23C7 /* LocationVieww.swift */ = {isa = PBXFileReference; lastKnownFileType = sourcecode.swift; path = LocationVieww.swift; sourceTree = "<group>"; };
		229FBEE02BC2F3860005D7C2 /* BookingMovie.app */ = {isa = PBXFileReference; explicitFileType = wrapper.application; includeInIndex = 0; path = BookingMovie.app; sourceTree = BUILT_PRODUCTS_DIR; };
		229FBEE32BC2F3860005D7C2 /* BookingMovieApp.swift */ = {isa = PBXFileReference; lastKnownFileType = sourcecode.swift; path = BookingMovieApp.swift; sourceTree = "<group>"; };
		229FBEE52BC2F3860005D7C2 /* ContentView.swift */ = {isa = PBXFileReference; lastKnownFileType = sourcecode.swift; path = ContentView.swift; sourceTree = "<group>"; };
		229FBEE72BC2F3880005D7C2 /* Assets.xcassets */ = {isa = PBXFileReference; lastKnownFileType = folder.assetcatalog; path = Assets.xcassets; sourceTree = "<group>"; };
		229FBEF52BC2F5410005D7C2 /* TicketView.swift */ = {isa = PBXFileReference; lastKnownFileType = sourcecode.swift; path = TicketView.swift; sourceTree = "<group>"; };
		229FBEF92BC30C180005D7C2 /* CircleBackground.swift */ = {isa = PBXFileReference; lastKnownFileType = sourcecode.swift; path = CircleBackground.swift; sourceTree = "<group>"; };
		229FBEFB2BC3A0010005D7C2 /* TicketData.swift */ = {isa = PBXFileReference; lastKnownFileType = sourcecode.swift; path = TicketData.swift; sourceTree = "<group>"; };
		229FBEFD2BC3A0580005D7C2 /* PosterData.swift */ = {isa = PBXFileReference; lastKnownFileType = sourcecode.swift; path = PosterData.swift; sourceTree = "<group>"; };
		229FBEFF2BC3A0810005D7C2 /* TabData.swift */ = {isa = PBXFileReference; lastKnownFileType = sourcecode.swift; path = TabData.swift; sourceTree = "<group>"; };
		229FBF022BC3A0E30005D7C2 /* Ticket.swift */ = {isa = PBXFileReference; lastKnownFileType = sourcecode.swift; path = Ticket.swift; sourceTree = "<group>"; };
		229FBF042BC3C30F0005D7C2 /* Tickets.swift */ = {isa = PBXFileReference; lastKnownFileType = sourcecode.swift; path = Tickets.swift; sourceTree = "<group>"; };
		22D93EA62BC59BA800C46298 /* CustomTabBar.swift */ = {isa = PBXFileReference; lastKnownFileType = sourcecode.swift; path = CustomTabBar.swift; sourceTree = "<group>"; };
		22D93EA82BC5A82D00C46298 /* HomeView.swift */ = {isa = PBXFileReference; lastKnownFileType = sourcecode.swift; path = HomeView.swift; sourceTree = "<group>"; };
/* End PBXFileReference section */

/* Begin PBXFrameworksBuildPhase section */
		229FBEDD2BC2F3860005D7C2 /* Frameworks */ = {
			isa = PBXFrameworksBuildPhase;
			buildActionMask = 2147483647;
			files = (
			);
			runOnlyForDeploymentPostprocessing = 0;
		};
/* End PBXFrameworksBuildPhase section */

/* Begin PBXGroup section */
		229FBED72BC2F3860005D7C2 = {
			isa = PBXGroup;
			children = (
				229FBEE22BC2F3860005D7C2 /* BookingMovie */,
				229FBEE12BC2F3860005D7C2 /* Products */,
			);
			sourceTree = "<group>";
		};
		229FBEE12BC2F3860005D7C2 /* Products */ = {
			isa = PBXGroup;
			children = (
				229FBEE02BC2F3860005D7C2 /* BookingMovie.app */,
			);
			name = Products;
			sourceTree = "<group>";
		};
		229FBEE22BC2F3860005D7C2 /* BookingMovie */ = {
			isa = PBXGroup;
			children = (
				229FBF012BC3A0CD0005D7C2 /* Cards */,
				229FBEF32BC2F5090005D7C2 /* Buttons */,
				229FBEF22BC2F5010005D7C2 /* Data */,
				229FBEF12BC2F4F80005D7C2 /* UI */,
				229FBEF42BC2F5160005D7C2 /* Views */,
				229FBEE32BC2F3860005D7C2 /* BookingMovieApp.swift */,
				229FBEE52BC2F3860005D7C2 /* ContentView.swift */,
				229FBEE72BC2F3880005D7C2 /* Assets.xcassets */,
				229FBEE92BC2F3880005D7C2 /* Preview Content */,
			);
			path = BookingMovie;
			sourceTree = "<group>";
		};
		229FBEE92BC2F3880005D7C2 /* Preview Content */ = {
			isa = PBXGroup;
			children = (
			);
			path = "Preview Content";
			sourceTree = "<group>";
		};
		229FBEF12BC2F4F80005D7C2 /* UI */ = {
			isa = PBXGroup;
			children = (
				229FBEF92BC30C180005D7C2 /* CircleBackground.swift */,
				22D93EA62BC59BA800C46298 /* CustomTabBar.swift */,
			);
			path = UI;
			sourceTree = "<group>";
		};
		229FBEF22BC2F5010005D7C2 /* Data */ = {
			isa = PBXGroup;
			children = (
				229FBEFB2BC3A0010005D7C2 /* TicketData.swift */,
				229FBEFD2BC3A0580005D7C2 /* PosterData.swift */,
				229FBEFF2BC3A0810005D7C2 /* TabData.swift */,
			);
			path = Data;
			sourceTree = "<group>";
		};
		229FBEF32BC2F5090005D7C2 /* Buttons */ = {
			isa = PBXGroup;
			children = (
			);
			path = Buttons;
			sourceTree = "<group>";
		};
		229FBEF42BC2F5160005D7C2 /* Views */ = {
			isa = PBXGroup;
			children = (
				229FBEF52BC2F5410005D7C2 /* TicketView.swift */,
				22D93EA82BC5A82D00C46298 /* HomeView.swift */,
				229DE74D2BC6D78000AF23C7 /* ProfileView.swift */,
				229DE74F2BC6D7A200AF23C7 /* LocationVieww.swift */,
			);
			path = Views;
			sourceTree = "<group>";
		};
		229FBF012BC3A0CD0005D7C2 /* Cards */ = {
			isa = PBXGroup;
			children = (
				229FBF022BC3A0E30005D7C2 /* Ticket.swift */,
				229FBF042BC3C30F0005D7C2 /* Tickets.swift */,
			);
			path = Cards;
			sourceTree = "<group>";
		};
/* End PBXGroup section */

/* Begin PBXNativeTarget section */
		229FBEDF2BC2F3860005D7C2 /* BookingMovie */ = {
			isa = PBXNativeTarget;
			buildConfigurationList = 229FBEEE2BC2F3880005D7C2 /* Build configuration list for PBXNativeTarget "BookingMovie" */;
			buildPhases = (
				229FBEDC2BC2F3860005D7C2 /* Sources */,
				229FBEDD2BC2F3860005D7C2 /* Frameworks */,
				229FBEDE2BC2F3860005D7C2 /* Resources */,
			);
			buildRules = (
			);
			dependencies = (
			);
			name = BookingMovie;
			productName = BookingMovie;
			productReference = 229FBEE02BC2F3860005D7C2 /* BookingMovie.app */;
			productType = "com.apple.product-type.application";
		};
/* End PBXNativeTarget section */

/* Begin PBXProject section */
		229FBED82BC2F3860005D7C2 /* Project object */ = {
			isa = PBXProject;
			attributes = {
				BuildIndependentTargetsInParallel = 1;
				LastSwiftUpdateCheck = 1430;
				LastUpgradeCheck = 1430;
				TargetAttributes = {
					229FBEDF2BC2F3860005D7C2 = {
						CreatedOnToolsVersion = 14.3;
					};
				};
			};
			buildConfigurationList = 229FBEDB2BC2F3860005D7C2 /* Build configuration list for PBXProject "BookingMovie" */;
			compatibilityVersion = "Xcode 14.0";
			developmentRegion = en;
			hasScannedForEncodings = 0;
			knownRegions = (
				en,
				Base,
			);
			mainGroup = 229FBED72BC2F3860005D7C2;
			productRefGroup = 229FBEE12BC2F3860005D7C2 /* Products */;
			projectDirPath = "";
			projectRoot = "";
			targets = (
				229FBEDF2BC2F3860005D7C2 /* BookingMovie */,
			);
		};
/* End PBXProject section */

/* Begin PBXResourcesBuildPhase section */
		229FBEDE2BC2F3860005D7C2 /* Resources */ = {
			isa = PBXResourcesBuildPhase;
			buildActionMask = 2147483647;
			files = (
				229FBEE82BC2F3880005D7C2 /* Assets.xcassets in Resources */,
			);
			runOnlyForDeploymentPostprocessing = 0;
		};
/* End PBXResourcesBuildPhase section */

/* Begin PBXSourcesBuildPhase section */
		229FBEDC2BC2F3860005D7C2 /* Sources */ = {
			isa = PBXSourcesBuildPhase;
			buildActionMask = 2147483647;
			files = (
				229FBF002BC3A0810005D7C2 /* TabData.swift in Sources */,
				229FBF052BC3C30F0005D7C2 /* Tickets.swift in Sources */,
				229FBEF62BC2F5410005D7C2 /* TicketView.swift in Sources */,
				229FBEE62BC2F3860005D7C2 /* ContentView.swift in Sources */,
				229DE74E2BC6D78000AF23C7 /* ProfileView.swift in Sources */,
				229FBF032BC3A0E30005D7C2 /* Ticket.swift in Sources */,
				22D93EA92BC5A82D00C46298 /* HomeView.swift in Sources */,
				229FBEFE2BC3A0580005D7C2 /* PosterData.swift in Sources */,
				229DE7502BC6D7A200AF23C7 /* LocationVieww.swift in Sources */,
				22D93EA72BC59BA800C46298 /* CustomTabBar.swift in Sources */,
				229FBEE42BC2F3860005D7C2 /* BookingMovieApp.swift in Sources */,
				229FBEFA2BC30C180005D7C2 /* CircleBackground.swift in Sources */,
				229FBEFC2BC3A0010005D7C2 /* TicketData.swift in Sources */,
			);
			runOnlyForDeploymentPostprocessing = 0;
		};
/* End PBXSourcesBuildPhase section */

/* Begin XCBuildConfiguration section */
		229FBEEC2BC2F3880005D7C2 /* Debug */ = {
			isa = XCBuildConfiguration;
			buildSettings = {
				ALWAYS_SEARCH_USER_PATHS = NO;
				CLANG_ANALYZER_NONNULL = YES;
				CLANG_ANALYZER_NUMBER_OBJECT_CONVERSION = YES_AGGRESSIVE;
				CLANG_CXX_LANGUAGE_STANDARD = "gnu++20";
				CLANG_ENABLE_MODULES = YES;
				CLANG_ENABLE_OBJC_ARC = YES;
				CLANG_ENABLE_OBJC_WEAK = YES;
				CLANG_WARN_BLOCK_CAPTURE_AUTORELEASING = YES;
				CLANG_WARN_BOOL_CONVERSION = YES;
				CLANG_WARN_COMMA = YES;
				CLANG_WARN_CONSTANT_CONVERSION = YES;
				CLANG_WARN_DEPRECATED_OBJC_IMPLEMENTATIONS = YES;
				CLANG_WARN_DIRECT_OBJC_ISA_USAGE = YES_ERROR;
				CLANG_WARN_DOCUMENTATION_COMMENTS = YES;
				CLANG_WARN_EMPTY_BODY = YES;
				CLANG_WARN_ENUM_CONVERSION = YES;
				CLANG_WARN_INFINITE_RECURSION = YES;
				CLANG_WARN_INT_CONVERSION = YES;
				CLANG_WARN_NON_LITERAL_NULL_CONVERSION = YES;
				CLANG_WARN_OBJC_IMPLICIT_RETAIN_SELF = YES;
				CLANG_WARN_OBJC_LITERAL_CONVERSION = YES;
				CLANG_WARN_OBJC_ROOT_CLASS = YES_ERROR;
				CLANG_WARN_QUOTED_INCLUDE_IN_FRAMEWORK_HEADER = YES;
				CLANG_WARN_RANGE_LOOP_ANALYSIS = YES;
				CLANG_WARN_STRICT_PROTOTYPES = YES;
				CLANG_WARN_SUSPICIOUS_MOVE = YES;
				CLANG_WARN_UNGUARDED_AVAILABILITY = YES_AGGRESSIVE;
				CLANG_WARN_UNREACHABLE_CODE = YES;
				CLANG_WARN__DUPLICATE_METHOD_MATCH = YES;
				COPY_PHASE_STRIP = NO;
				DEBUG_INFORMATION_FORMAT = dwarf;
				ENABLE_STRICT_OBJC_MSGSEND = YES;
				ENABLE_TESTABILITY = YES;
				GCC_C_LANGUAGE_STANDARD = gnu11;
				GCC_DYNAMIC_NO_PIC = NO;
				GCC_NO_COMMON_BLOCKS = YES;
				GCC_OPTIMIZATION_LEVEL = 0;
				GCC_PREPROCESSOR_DEFINITIONS = (
					"DEBUG=1",
					"$(inherited)",
				);
				GCC_WARN_64_TO_32_BIT_CONVERSION = YES;
				GCC_WARN_ABOUT_RETURN_TYPE = YES_ERROR;
				GCC_WARN_UNDECLARED_SELECTOR = YES;
				GCC_WARN_UNINITIALIZED_AUTOS = YES_AGGRESSIVE;
				GCC_WARN_UNUSED_FUNCTION = YES;
				GCC_WARN_UNUSED_VARIABLE = YES;
				IPHONEOS_DEPLOYMENT_TARGET = 16.4;
				MTL_ENABLE_DEBUG_INFO = INCLUDE_SOURCE;
				MTL_FAST_MATH = YES;
				ONLY_ACTIVE_ARCH = YES;
				SDKROOT = iphoneos;
				SWIFT_ACTIVE_COMPILATION_CONDITIONS = DEBUG;
				SWIFT_OPTIMIZATION_LEVEL = "-Onone";
			};
			name = Debug;
		};
		229FBEED2BC2F3880005D7C2 /* Release */ = {
			isa = XCBuildConfiguration;
			buildSettings = {
				ALWAYS_SEARCH_USER_PATHS = NO;
				CLANG_ANALYZER_NONNULL = YES;
				CLANG_ANALYZER_NUMBER_OBJECT_CONVERSION = YES_AGGRESSIVE;
				CLANG_CXX_LANGUAGE_STANDARD = "gnu++20";
				CLANG_ENABLE_MODULES = YES;
				CLANG_ENABLE_OBJC_ARC = YES;
				CLANG_ENABLE_OBJC_WEAK = YES;
				CLANG_WARN_BLOCK_CAPTURE_AUTORELEASING = YES;
				CLANG_WARN_BOOL_CONVERSION = YES;
				CLANG_WARN_COMMA = YES;
				CLANG_WARN_CONSTANT_CONVERSION = YES;
				CLANG_WARN_DEPRECATED_OBJC_IMPLEMENTATIONS = YES;
				CLANG_WARN_DIRECT_OBJC_ISA_USAGE = YES_ERROR;
				CLANG_WARN_DOCUMENTATION_COMMENTS = YES;
				CLANG_WARN_EMPTY_BODY = YES;
				CLANG_WARN_ENUM_CONVERSION = YES;
				CLANG_WARN_INFINITE_RECURSION = YES;
				CLANG_WARN_INT_CONVERSION = YES;
				CLANG_WARN_NON_LITERAL_NULL_CONVERSION = YES;
				CLANG_WARN_OBJC_IMPLICIT_RETAIN_SELF = YES;
				CLANG_WARN_OBJC_LITERAL_CONVERSION = YES;
				CLANG_WARN_OBJC_ROOT_CLASS = YES_ERROR;
				CLANG_WARN_QUOTED_INCLUDE_IN_FRAMEWORK_HEADER = YES;
				CLANG_WARN_RANGE_LOOP_ANALYSIS = YES;
				CLANG_WARN_STRICT_PROTOTYPES = YES;
				CLANG_WARN_SUSPICIOUS_MOVE = YES;
				CLANG_WARN_UNGUARDED_AVAILABILITY = YES_AGGRESSIVE;
				CLANG_WARN_UNREACHABLE_CODE = YES;
				CLANG_WARN__DUPLICATE_METHOD_MATCH = YES;
				COPY_PHASE_STRIP = NO;
				DEBUG_INFORMATION_FORMAT = "dwarf-with-dsym";
				ENABLE_NS_ASSERTIONS = NO;
				ENABLE_STRICT_OBJC_MSGSEND = YES;
				GCC_C_LANGUAGE_STANDARD = gnu11;
				GCC_NO_COMMON_BLOCKS = YES;
				GCC_WARN_64_TO_32_BIT_CONVERSION = YES;
				GCC_WARN_ABOUT_RETURN_TYPE = YES_ERROR;
				GCC_WARN_UNDECLARED_SELECTOR = YES;
				GCC_WARN_UNINITIALIZED_AUTOS = YES_AGGRESSIVE;
				GCC_WARN_UNUSED_FUNCTION = YES;
				GCC_WARN_UNUSED_VARIABLE = YES;
				IPHONEOS_DEPLOYMENT_TARGET = 16.4;
				MTL_ENABLE_DEBUG_INFO = NO;
				MTL_FAST_MATH = YES;
				SDKROOT = iphoneos;
				SWIFT_COMPILATION_MODE = wholemodule;
				SWIFT_OPTIMIZATION_LEVEL = "-O";
				VALIDATE_PRODUCT = YES;
			};
			name = Release;
		};
		229FBEEF2BC2F3880005D7C2 /* Debug */ = {
			isa = XCBuildConfiguration;
			buildSettings = {
				ASSETCATALOG_COMPILER_APPICON_NAME = AppIcon;
				ASSETCATALOG_COMPILER_GLOBAL_ACCENT_COLOR_NAME = AccentColor;
				CODE_SIGN_STYLE = Automatic;
				CURRENT_PROJECT_VERSION = 1;
				DEVELOPMENT_ASSET_PATHS = "\"BookingMovie/Preview Content\"";
				ENABLE_PREVIEWS = YES;
				GENERATE_INFOPLIST_FILE = YES;
				INFOPLIST_KEY_UIApplicationSceneManifest_Generation = YES;
				INFOPLIST_KEY_UIApplicationSupportsIndirectInputEvents = YES;
				INFOPLIST_KEY_UILaunchScreen_Generation = YES;
				INFOPLIST_KEY_UISupportedInterfaceOrientations_iPad = "UIInterfaceOrientationPortrait UIInterfaceOrientationPortraitUpsideDown UIInterfaceOrientationLandscapeLeft UIInterfaceOrientationLandscapeRight";
				INFOPLIST_KEY_UISupportedInterfaceOrientations_iPhone = "UIInterfaceOrientationPortrait UIInterfaceOrientationLandscapeLeft UIInterfaceOrientationLandscapeRight";
				LD_RUNPATH_SEARCH_PATHS = (
					"$(inherited)",
					"@executable_path/Frameworks",
				);
				MARKETING_VERSION = 1.0;
				PRODUCT_BUNDLE_IDENTIFIER = com.tuan.BookingMovie;
				PRODUCT_NAME = "$(TARGET_NAME)";
				SWIFT_EMIT_LOC_STRINGS = YES;
				SWIFT_VERSION = 5.0;
				TARGETED_DEVICE_FAMILY = "1,2";
			};
			name = Debug;
		};
		229FBEF02BC2F3880005D7C2 /* Release */ = {
			isa = XCBuildConfiguration;
			buildSettings = {
				ASSETCATALOG_COMPILER_APPICON_NAME = AppIcon;
				ASSETCATALOG_COMPILER_GLOBAL_ACCENT_COLOR_NAME = AccentColor;
				CODE_SIGN_STYLE = Automatic;
				CURRENT_PROJECT_VERSION = 1;
				DEVELOPMENT_ASSET_PATHS = "\"BookingMovie/Preview Content\"";
				ENABLE_PREVIEWS = YES;
				GENERATE_INFOPLIST_FILE = YES;
				INFOPLIST_KEY_UIApplicationSceneManifest_Generation = YES;
				INFOPLIST_KEY_UIApplicationSupportsIndirectInputEvents = YES;
				INFOPLIST_KEY_UILaunchScreen_Generation = YES;
				INFOPLIST_KEY_UISupportedInterfaceOrientations_iPad = "UIInterfaceOrientationPortrait UIInterfaceOrientationPortraitUpsideDown UIInterfaceOrientationLandscapeLeft UIInterfaceOrientationLandscapeRight";
				INFOPLIST_KEY_UISupportedInterfaceOrientations_iPhone = "UIInterfaceOrientationPortrait UIInterfaceOrientationLandscapeLeft UIInterfaceOrientationLandscapeRight";
				LD_RUNPATH_SEARCH_PATHS = (
					"$(inherited)",
					"@executable_path/Frameworks",
				);
				MARKETING_VERSION = 1.0;
				PRODUCT_BUNDLE_IDENTIFIER = com.tuan.BookingMovie;
				PRODUCT_NAME = "$(TARGET_NAME)";
				SWIFT_EMIT_LOC_STRINGS = YES;
				SWIFT_VERSION = 5.0;
				TARGETED_DEVICE_FAMILY = "1,2";
			};
			name = Release;
		};
/* End XCBuildConfiguration section */

/* Begin XCConfigurationList section */
		229FBEDB2BC2F3860005D7C2 /* Build configuration list for PBXProject "BookingMovie" */ = {
			isa = XCConfigurationList;
			buildConfigurations = (
				229FBEEC2BC2F3880005D7C2 /* Debug */,
				229FBEED2BC2F3880005D7C2 /* Release */,
			);
			defaultConfigurationIsVisible = 0;
			defaultConfigurationName = Release;
		};
		229FBEEE2BC2F3880005D7C2 /* Build configuration list for PBXNativeTarget "BookingMovie" */ = {
			isa = XCConfigurationList;
			buildConfigurations = (
				229FBEEF2BC2F3880005D7C2 /* Debug */,
				229FBEF02BC2F3880005D7C2 /* Release */,
			);
			defaultConfigurationIsVisible = 0;
			defaultConfigurationName = Release;
		};
/* End XCConfigurationList section */
	};
	rootObject = 229FBED82BC2F3860005D7C2 /* Project object */;
}
